
Microsoft Visual Studio Solution File, Format Version 12.00
# Visual Studio Version 17
VisualStudioVersion = 17.6.33829.357
MinimumVisualStudioVersion = 10.0.40219.1
Project("{8BC9CEB8-8B4A-11D0-8D11-00A0C91BC942}") = "EffectiveCpp-Chapter1", "Sandbox.vcxproj", "{8ED8005F-FDDC-4342-9B2F-4199BC63F23B}"
EndProject
Project("{8BC9CEB8-8B4A-11D0-8D11-00A0C91BC942}") = "Project1", "..\Project1\Project1.vcxproj", "{AA996645-B856-48C3-864C-13434DE01296}"
EndProject
Project("{8BC9CEB8-8B4A-11D0-8D11-00A0C91BC942}") = "Project2", "..\Project2\Project2.vcxproj", "{6E74F00C-ABD7-4677-8889-252B80DD70DC}"
EndProject
Project("{8BC9CEB8-8B4A-11D0-8D11-00A0C91BC942}") = "LittleTextAdventure", "..\LittleTextAdventure\LittleTextAdventure.vcxproj", "{4B7B90A1-FC21-4E1C-A6FC-B2B4EF722107}"
EndProject
Global
	GlobalSection(SolutionConfigurationPlatforms) = preSolution
		Debug|x64 = Debug|x64
		Debug|x86 = Debug|x86
		Release|x64 = Release|x64
		Release|x86 = Release|x86
	EndGlobalSection
	GlobalSection(ProjectConfigurationPlatforms) = postSolution
		{8ED8005F-FDDC-4342-9B2F-4199BC63F23B}.Debug|x64.ActiveCfg = Debug|x64
		{8ED8005F-FDDC-4342-9B2F-4199BC63F23B}.Debug|x64.Build.0 = Debug|x64
		{8ED8005F-FDDC-4342-9B2F-4199BC63F23B}.Debug|x86.ActiveCfg = Debug|Win32
		{8ED8005F-FDDC-4342-9B2F-4199BC63F23B}.Debug|x86.Build.0 = Debug|Win32
		{8ED8005F-FDDC-4342-9B2F-4199BC63F23B}.Release|x64.ActiveCfg = Release|x64
		{8ED8005F-FDDC-4342-9B2F-4199BC63F23B}.Release|x64.Build.0 = Release|x64
		{8ED8005F-FDDC-4342-9B2F-4199BC63F23B}.Release|x86.ActiveCfg = Release|Win32
		{8ED8005F-FDDC-4342-9B2F-4199BC63F23B}.Release|x86.Build.0 = Release|Win32
		{AA996645-B856-48C3-864C-13434DE01296}.Debug|x64.ActiveCfg = Debug|x64
		{AA996645-B856-48C3-864C-13434DE01296}.Debug|x64.Build.0 = Debug|x64
		{AA996645-B856-48C3-864C-13434DE01296}.Debug|x86.ActiveCfg = Debug|Win32
		{AA996645-B856-48C3-864C-13434DE01296}.Debug|x86.Build.0 = Debug|Win32
		{AA996645-B856-48C3-864C-13434DE01296}.Release|x64.ActiveCfg = Release|x64
		{AA996645-B856-48C3-864C-13434DE01296}.Release|x64.Build.0 = Release|x64
		{AA996645-B856-48C3-864C-13434DE01296}.Release|x86.ActiveCfg = Release|Win32
		{AA996645-B856-48C3-864C-13434DE01296}.Release|x86.Build.0 = Release|Win32
		{6E74F00C-ABD7-4677-8889-252B80DD70DC}.Debug|x64.ActiveCfg = Debug|x64
		{6E74F00C-ABD7-4677-8889-252B80DD70DC}.Debug|x64.Build.0 = Debug|x64
		{6E74F00C-ABD7-4677-8889-252B80DD70DC}.Debug|x86.ActiveCfg = Debug|Win32
		{6E74F00C-ABD7-4677-8889-252B80DD70DC}.Debug|x86.Build.0 = Debug|Win32
		{6E74F00C-ABD7-4677-8889-252B80DD70DC}.Release|x64.ActiveCfg = Release|x64
		{6E74F00C-ABD7-4677-8889-252B80DD70DC}.Release|x64.Build.0 = Release|x64
		{6E74F00C-ABD7-4677-8889-252B80DD70DC}.Release|x86.ActiveCfg = Release|Win32
		{6E74F00C-ABD7-4677-8889-252B80DD70DC}.Release|x86.Build.0 = Release|Win32
		{4B7B90A1-FC21-4E1C-A6FC-B2B4EF722107}.Debug|x64.ActiveCfg = Debug|x64
		{4B7B90A1-FC21-4E1C-A6FC-B2B4EF722107}.Debug|x64.Build.0 = Debug|x64
		{4B7B90A1-FC21-4E1C-A6FC-B2B4EF722107}.Debug|x86.ActiveCfg = Debug|Win32
		{4B7B90A1-FC21-4E1C-A6FC-B2B4EF722107}.Debug|x86.Build.0 = Debug|Win32
		{4B7B90A1-FC21-4E1C-A6FC-B2B4EF722107}.Release|x64.ActiveCfg = Release|x64
		{4B7B90A1-FC21-4E1C-A6FC-B2B4EF722107}.Release|x64.Build.0 = Release|x64
		{4B7B90A1-FC21-4E1C-A6FC-B2B4EF722107}.Release|x86.ActiveCfg = Release|Win32
		{4B7B90A1-FC21-4E1C-A6FC-B2B4EF722107}.Release|x86.Build.0 = Release|Win32
	EndGlobalSection
	GlobalSection(SolutionProperties) = preSolution
		HideSolutionNode = FALSE
	EndGlobalSection
	GlobalSection(ExtensibilityGlobals) = postSolution
		SolutionGuid = {D77AD004-602F-4DF7-85E5-4983F23CF626}
	EndGlobalSection
EndGlobal
